
Microsoft Visual Studio Solution File, Format Version 12.00
# Visual Studio Version 17
VisualStudioVersion = 17.10.34928.147
MinimumVisualStudioVersion = 10.0.40219.1
Project("{FAE04EC0-301F-11D3-BF4B-00C04F79EFBC}") = "Power-ups-Deluxe", "Power-ups-Deluxe.csproj", "{DD348B04-2D4B-443D-8113-62637A396F94}"
EndProject
Global
	GlobalSection(SolutionConfigurationPlatforms) = preSolution
		Debug|Any CPU = Debug|Any CPU
		Release|Any CPU = Release|Any CPU
	EndGlobalSection
	GlobalSection(ProjectConfigurationPlatforms) = postSolution
		{DD348B04-2D4B-443D-8113-62637A396F94}.Debug|Any CPU.ActiveCfg = Debug|Any CPU
		{DD348B04-2D4B-443D-8113-62637A396F94}.Debug|Any CPU.Build.0 = Debug|Any CPU
		{DD348B04-2D4B-443D-8113-62637A396F94}.Release|Any CPU.ActiveCfg = Release|Any CPU
		{DD348B04-2D4B-443D-8113-62637A396F94}.Release|Any CPU.Build.0 = Release|Any CPU
	EndGlobalSection
	GlobalSection(SolutionProperties) = preSolution
		HideSolutionNode = FALSE
	EndGlobalSection
	GlobalSection(ExtensibilityGlobals) = postSolution
		SolutionGuid = {0661CEDF-1766-4E45-B01C-07DDDE603E3A}
	EndGlobalSection
EndGlobal
